
Microsoft Visual Studio Solution File, Format Version 12.00
# Visual Studio 15
VisualStudioVersion = 15.0.26403.0
MinimumVisualStudioVersion = 10.0.40219.1
Project("{2150E333-8FDC-42A3-9474-1A3956D46DE8}") = "01.Base", "01.Base", "{5C1849F0-616D-4732-B536-729F699146AB}"
EndProject
Project("{2150E333-8FDC-42A3-9474-1A3956D46DE8}") = "01.Common", "01.Common", "{B5F2C087-60F2-4CF1-B930-A4480DD87300}"
EndProject
Project("{2150E333-8FDC-42A3-9474-1A3956D46DE8}") = "02.PluginAPI", "02.PluginAPI", "{D6A04EB6-5929-44DD-9567-B8AC34A3DCD4}"
EndProject
Project("{2150E333-8FDC-42A3-9474-1A3956D46DE8}") = "02.Client", "02.Client", "{20257285-8412-427E-9DF3-9724E0545213}"
EndProject
Project("{2150E333-8FDC-42A3-9474-1A3956D46DE8}") = "01.Client", "01.Client", "{2DD91F9E-EBA3-4E25-BB16-014E11E2E30D}"
EndProject
Project("{2150E333-8FDC-42A3-9474-1A3956D46DE8}") = "02.AutoUpdate", "02.AutoUpdate", "{90C3D01F-59DD-4716-B4C6-F00BFED5A514}"
EndProject
Project("{2150E333-8FDC-42A3-9474-1A3956D46DE8}") = "03.Authority", "03.Authority", "{C0767C24-B4D3-449D-A7D5-FAC0C9484B96}"
EndProject
Project("{2150E333-8FDC-42A3-9474-1A3956D46DE8}") = "04.Main", "04.Main", "{D97FE1AB-8D82-41E0-A392-307E15D375CD}"
EndProject
Project("{2150E333-8FDC-42A3-9474-1A3956D46DE8}") = "05.SettingCenter", "05.SettingCenter", "{55DCF036-34B3-4D04-ACFC-CD2A48AD42E7}"
EndProject
Project("{2150E333-8FDC-42A3-9474-1A3956D46DE8}") = "06.PluginCenter", "06.PluginCenter", "{C0AB8452-90C5-438D-A7FD-5A06D661CB59}"
EndProject
Project("{2150E333-8FDC-42A3-9474-1A3956D46DE8}") = "03.Plugins", "03.Plugins", "{3167FC65-2BA8-422E-9E81-70B8C8CFCFDE}"
EndProject
Project("{2150E333-8FDC-42A3-9474-1A3956D46DE8}") = "04.Thems", "04.Thems", "{AED054A6-C6DD-44C5-90FE-D5BC1D0303FA}"
EndProject
Project("{2150E333-8FDC-42A3-9474-1A3956D46DE8}") = "01.MaterialDesign", "01.MaterialDesign", "{2FC0C390-2E04-4321-A181-2904842EE78D}"
EndProject
Project("{2150E333-8FDC-42A3-9474-1A3956D46DE8}") = "98.Installer", "98.Installer", "{FF905032-9A05-4992-8446-55623C180C39}"
EndProject
Project("{FAE04EC0-301F-11D3-BF4B-00C04F79EFBC}") = "PluginAPI", "01.Base\02.PluginAPI\PluginAPI\PluginAPI.csproj", "{D4A29449-842D-440F-9256-499C3A3FE571}"
EndProject
Project("{FAE04EC0-301F-11D3-BF4B-00C04F79EFBC}") = "Common", "01.Base\01.Common\Common\Common.csproj", "{F0DC9FA5-EAEC-45A6-A18B-5378C89A825B}"
EndProject
Project("{FAE04EC0-301F-11D3-BF4B-00C04F79EFBC}") = "Client", "02.Client\01.Client\Client\Client.csproj", "{DCEBE350-9770-428E-99AE-48E49459191D}"
	ProjectSection(ProjectDependencies) = postProject
		{D3F9C415-BA21-44C1-B8DE-88CC12D0A103} = {D3F9C415-BA21-44C1-B8DE-88CC12D0A103}
		{DB4EC23B-526A-485E-BF65-1401745B222A} = {DB4EC23B-526A-485E-BF65-1401745B222A}
		{93AE8260-9640-467E-92FD-238E96C14099} = {93AE8260-9640-467E-92FD-238E96C14099}
		{6373828E-1CFF-4177-9E30-9F23E858DAD4} = {6373828E-1CFF-4177-9E30-9F23E858DAD4}
		{1038EEB6-2AA8-4EA6-AEDD-997282E57A54} = {1038EEB6-2AA8-4EA6-AEDD-997282E57A54}
		{D73B8FBF-7967-4332-B2E6-FB7FF86A3C69} = {D73B8FBF-7967-4332-B2E6-FB7FF86A3C69}
		{5FB04EC6-4B73-49BE-B138-B27E8FC3FC91} = {5FB04EC6-4B73-49BE-B138-B27E8FC3FC91}
	EndProjectSection
EndProject
Project("{FAE04EC0-301F-11D3-BF4B-00C04F79EFBC}") = "AutoUpdate", "02.Client\02.AutoUpdate\AutoUpdate\AutoUpdate.csproj", "{93AE8260-9640-467E-92FD-238E96C14099}"
EndProject
Project("{FAE04EC0-301F-11D3-BF4B-00C04F79EFBC}") = "Authority", "02.Client\03.Authority\Authority\Authority.csproj", "{D3F9C415-BA21-44C1-B8DE-88CC12D0A103}"
EndProject
Project("{FAE04EC0-301F-11D3-BF4B-00C04F79EFBC}") = "Main", "02.Client\04.Main\Main\Main.csproj", "{DB4EC23B-526A-485E-BF65-1401745B222A}"
EndProject
Project("{FAE04EC0-301F-11D3-BF4B-00C04F79EFBC}") = "SettingCenter", "02.Client\05.SettingCenter\SettingCenter\SettingCenter.csproj", "{1038EEB6-2AA8-4EA6-AEDD-997282E57A54}"
EndProject
Project("{FAE04EC0-301F-11D3-BF4B-00C04F79EFBC}") = "PluginCenter", "02.Client\06.PluginCenter\PluginCenter\PluginCenter.csproj", "{6373828E-1CFF-4177-9E30-9F23E858DAD4}"
EndProject
Project("{2150E333-8FDC-42A3-9474-1A3956D46DE8}") = "07.WelcomeScreen", "07.WelcomeScreen", "{F5D03BDA-F464-427F-A0A6-3C7719B6CCE6}"
EndProject
Project("{FAE04EC0-301F-11D3-BF4B-00C04F79EFBC}") = "WelcomeScreen", "02.Client\07.WelcomeScreen\WelcomeScreen\WelcomeScreen.csproj", "{D73B8FBF-7967-4332-B2E6-FB7FF86A3C69}"
EndProject
Project("{2150E333-8FDC-42A3-9474-1A3956D46DE8}") = "03.MVVM", "03.MVVM", "{2C3B5082-F723-4967-8D9D-972B1101D236}"
EndProject
Project("{FAE04EC0-301F-11D3-BF4B-00C04F79EFBC}") = "MVVM", "01.Base\03.MVVM\MVVM\MVVM.csproj", "{5FB04EC6-4B73-49BE-B138-B27E8FC3FC91}"
EndProject
Project("{FAE04EC0-301F-11D3-BF4B-00C04F79EFBC}") = "MaterialDesign", "04.Thems\01.MaterialDesign\MaterialDesign\MaterialDesign.csproj", "{EE92CD3C-7345-45BC-8457-140B5A403945}"
EndProject
Project("{FAE04EC0-301F-11D3-BF4B-00C04F79EFBC}") = "AutoUpdate.Tool", "02.Client\02.AutoUpdate\AutoUpdate.Tool\AutoUpdate.Tool.csproj", "{4F236306-435B-422F-ADCB-008A154BCB12}"
EndProject
Project("{2150E333-8FDC-42A3-9474-1A3956D46DE8}") = "04.DB", "04.DB", "{96B60A12-0A19-4E44-83AE-B5D62A23418D}"
EndProject
Project("{FAE04EC0-301F-11D3-BF4B-00C04F79EFBC}") = "Common.DB", "01.Base\04.DB\Common.DB\Common.DB.csproj", "{3E458B3E-B287-46CD-9B40-968D06E47A4B}"
EndProject
Global
	GlobalSection(SolutionConfigurationPlatforms) = preSolution
		Debug|Any CPU = Debug|Any CPU
		Release|Any CPU = Release|Any CPU
	EndGlobalSection
	GlobalSection(ProjectConfigurationPlatforms) = postSolution
		{D4A29449-842D-440F-9256-499C3A3FE571}.Debug|Any CPU.ActiveCfg = Debug|Any CPU
		{D4A29449-842D-440F-9256-499C3A3FE571}.Debug|Any CPU.Build.0 = Debug|Any CPU
		{D4A29449-842D-440F-9256-499C3A3FE571}.Release|Any CPU.ActiveCfg = Release|Any CPU
		{D4A29449-842D-440F-9256-499C3A3FE571}.Release|Any CPU.Build.0 = Release|Any CPU
		{F0DC9FA5-EAEC-45A6-A18B-5378C89A825B}.Debug|Any CPU.ActiveCfg = Debug|Any CPU
		{F0DC9FA5-EAEC-45A6-A18B-5378C89A825B}.Debug|Any CPU.Build.0 = Debug|Any CPU
		{F0DC9FA5-EAEC-45A6-A18B-5378C89A825B}.Release|Any CPU.ActiveCfg = Release|Any CPU
		{F0DC9FA5-EAEC-45A6-A18B-5378C89A825B}.Release|Any CPU.Build.0 = Release|Any CPU
		{DCEBE350-9770-428E-99AE-48E49459191D}.Debug|Any CPU.ActiveCfg = Debug|Any CPU
		{DCEBE350-9770-428E-99AE-48E49459191D}.Debug|Any CPU.Build.0 = Debug|Any CPU
		{DCEBE350-9770-428E-99AE-48E49459191D}.Release|Any CPU.ActiveCfg = Release|Any CPU
		{DCEBE350-9770-428E-99AE-48E49459191D}.Release|Any CPU.Build.0 = Release|Any CPU
		{93AE8260-9640-467E-92FD-238E96C14099}.Debug|Any CPU.ActiveCfg = Debug|Any CPU
		{93AE8260-9640-467E-92FD-238E96C14099}.Debug|Any CPU.Build.0 = Debug|Any CPU
		{93AE8260-9640-467E-92FD-238E96C14099}.Release|Any CPU.ActiveCfg = Release|Any CPU
		{93AE8260-9640-467E-92FD-238E96C14099}.Release|Any CPU.Build.0 = Release|Any CPU
		{D3F9C415-BA21-44C1-B8DE-88CC12D0A103}.Debug|Any CPU.ActiveCfg = Debug|Any CPU
		{D3F9C415-BA21-44C1-B8DE-88CC12D0A103}.Debug|Any CPU.Build.0 = Debug|Any CPU
		{D3F9C415-BA21-44C1-B8DE-88CC12D0A103}.Release|Any CPU.ActiveCfg = Release|Any CPU
		{D3F9C415-BA21-44C1-B8DE-88CC12D0A103}.Release|Any CPU.Build.0 = Release|Any CPU
		{DB4EC23B-526A-485E-BF65-1401745B222A}.Debug|Any CPU.ActiveCfg = Debug|Any CPU
		{DB4EC23B-526A-485E-BF65-1401745B222A}.Debug|Any CPU.Build.0 = Debug|Any CPU
		{DB4EC23B-526A-485E-BF65-1401745B222A}.Release|Any CPU.ActiveCfg = Release|Any CPU
		{DB4EC23B-526A-485E-BF65-1401745B222A}.Release|Any CPU.Build.0 = Release|Any CPU
		{1038EEB6-2AA8-4EA6-AEDD-997282E57A54}.Debug|Any CPU.ActiveCfg = Debug|Any CPU
		{1038EEB6-2AA8-4EA6-AEDD-997282E57A54}.Debug|Any CPU.Build.0 = Debug|Any CPU
		{1038EEB6-2AA8-4EA6-AEDD-997282E57A54}.Release|Any CPU.ActiveCfg = Release|Any CPU
		{1038EEB6-2AA8-4EA6-AEDD-997282E57A54}.Release|Any CPU.Build.0 = Release|Any CPU
		{6373828E-1CFF-4177-9E30-9F23E858DAD4}.Debug|Any CPU.ActiveCfg = Debug|Any CPU
		{6373828E-1CFF-4177-9E30-9F23E858DAD4}.Debug|Any CPU.Build.0 = Debug|Any CPU
		{6373828E-1CFF-4177-9E30-9F23E858DAD4}.Release|Any CPU.ActiveCfg = Release|Any CPU
		{6373828E-1CFF-4177-9E30-9F23E858DAD4}.Release|Any CPU.Build.0 = Release|Any CPU
		{D73B8FBF-7967-4332-B2E6-FB7FF86A3C69}.Debug|Any CPU.ActiveCfg = Debug|Any CPU
		{D73B8FBF-7967-4332-B2E6-FB7FF86A3C69}.Debug|Any CPU.Build.0 = Debug|Any CPU
		{D73B8FBF-7967-4332-B2E6-FB7FF86A3C69}.Release|Any CPU.ActiveCfg = Release|Any CPU
		{D73B8FBF-7967-4332-B2E6-FB7FF86A3C69}.Release|Any CPU.Build.0 = Release|Any CPU
		{5FB04EC6-4B73-49BE-B138-B27E8FC3FC91}.Debug|Any CPU.ActiveCfg = Debug|Any CPU
		{5FB04EC6-4B73-49BE-B138-B27E8FC3FC91}.Debug|Any CPU.Build.0 = Debug|Any CPU
		{5FB04EC6-4B73-49BE-B138-B27E8FC3FC91}.Release|Any CPU.ActiveCfg = Release|Any CPU
		{5FB04EC6-4B73-49BE-B138-B27E8FC3FC91}.Release|Any CPU.Build.0 = Release|Any CPU
		{EE92CD3C-7345-45BC-8457-140B5A403945}.Debug|Any CPU.ActiveCfg = Debug|Any CPU
		{EE92CD3C-7345-45BC-8457-140B5A403945}.Debug|Any CPU.Build.0 = Debug|Any CPU
		{EE92CD3C-7345-45BC-8457-140B5A403945}.Release|Any CPU.ActiveCfg = Release|Any CPU
		{EE92CD3C-7345-45BC-8457-140B5A403945}.Release|Any CPU.Build.0 = Release|Any CPU
		{4F236306-435B-422F-ADCB-008A154BCB12}.Debug|Any CPU.ActiveCfg = Debug|Any CPU
		{4F236306-435B-422F-ADCB-008A154BCB12}.Debug|Any CPU.Build.0 = Debug|Any CPU
		{4F236306-435B-422F-ADCB-008A154BCB12}.Release|Any CPU.ActiveCfg = Release|Any CPU
		{4F236306-435B-422F-ADCB-008A154BCB12}.Release|Any CPU.Build.0 = Release|Any CPU
		{3E458B3E-B287-46CD-9B40-968D06E47A4B}.Debug|Any CPU.ActiveCfg = Debug|Any CPU
		{3E458B3E-B287-46CD-9B40-968D06E47A4B}.Debug|Any CPU.Build.0 = Debug|Any CPU
		{3E458B3E-B287-46CD-9B40-968D06E47A4B}.Release|Any CPU.ActiveCfg = Release|Any CPU
		{3E458B3E-B287-46CD-9B40-968D06E47A4B}.Release|Any CPU.Build.0 = Release|Any CPU
	EndGlobalSection
	GlobalSection(SolutionProperties) = preSolution
		HideSolutionNode = FALSE
	EndGlobalSection
	GlobalSection(NestedProjects) = preSolution
		{B5F2C087-60F2-4CF1-B930-A4480DD87300} = {5C1849F0-616D-4732-B536-729F699146AB}
		{D6A04EB6-5929-44DD-9567-B8AC34A3DCD4} = {5C1849F0-616D-4732-B536-729F699146AB}
		{2DD91F9E-EBA3-4E25-BB16-014E11E2E30D} = {20257285-8412-427E-9DF3-9724E0545213}
		{90C3D01F-59DD-4716-B4C6-F00BFED5A514} = {20257285-8412-427E-9DF3-9724E0545213}
		{C0767C24-B4D3-449D-A7D5-FAC0C9484B96} = {20257285-8412-427E-9DF3-9724E0545213}
		{D97FE1AB-8D82-41E0-A392-307E15D375CD} = {20257285-8412-427E-9DF3-9724E0545213}
		{55DCF036-34B3-4D04-ACFC-CD2A48AD42E7} = {20257285-8412-427E-9DF3-9724E0545213}
		{C0AB8452-90C5-438D-A7FD-5A06D661CB59} = {20257285-8412-427E-9DF3-9724E0545213}
		{2FC0C390-2E04-4321-A181-2904842EE78D} = {AED054A6-C6DD-44C5-90FE-D5BC1D0303FA}
		{D4A29449-842D-440F-9256-499C3A3FE571} = {D6A04EB6-5929-44DD-9567-B8AC34A3DCD4}
		{F0DC9FA5-EAEC-45A6-A18B-5378C89A825B} = {B5F2C087-60F2-4CF1-B930-A4480DD87300}
		{DCEBE350-9770-428E-99AE-48E49459191D} = {2DD91F9E-EBA3-4E25-BB16-014E11E2E30D}
		{93AE8260-9640-467E-92FD-238E96C14099} = {90C3D01F-59DD-4716-B4C6-F00BFED5A514}
		{D3F9C415-BA21-44C1-B8DE-88CC12D0A103} = {C0767C24-B4D3-449D-A7D5-FAC0C9484B96}
		{DB4EC23B-526A-485E-BF65-1401745B222A} = {D97FE1AB-8D82-41E0-A392-307E15D375CD}
		{1038EEB6-2AA8-4EA6-AEDD-997282E57A54} = {55DCF036-34B3-4D04-ACFC-CD2A48AD42E7}
		{6373828E-1CFF-4177-9E30-9F23E858DAD4} = {C0AB8452-90C5-438D-A7FD-5A06D661CB59}
		{F5D03BDA-F464-427F-A0A6-3C7719B6CCE6} = {20257285-8412-427E-9DF3-9724E0545213}
		{D73B8FBF-7967-4332-B2E6-FB7FF86A3C69} = {F5D03BDA-F464-427F-A0A6-3C7719B6CCE6}
		{2C3B5082-F723-4967-8D9D-972B1101D236} = {5C1849F0-616D-4732-B536-729F699146AB}
		{5FB04EC6-4B73-49BE-B138-B27E8FC3FC91} = {2C3B5082-F723-4967-8D9D-972B1101D236}
		{EE92CD3C-7345-45BC-8457-140B5A403945} = {2FC0C390-2E04-4321-A181-2904842EE78D}
		{4F236306-435B-422F-ADCB-008A154BCB12} = {90C3D01F-59DD-4716-B4C6-F00BFED5A514}
		{96B60A12-0A19-4E44-83AE-B5D62A23418D} = {5C1849F0-616D-4732-B536-729F699146AB}
		{3E458B3E-B287-46CD-9B40-968D06E47A4B} = {96B60A12-0A19-4E44-83AE-B5D62A23418D}
	EndGlobalSection
	GlobalSection(ExtensibilityGlobals) = postSolution
		SolutionGuid = {89D16978-D94E-4A50-AA8C-30521CE70B12}
	EndGlobalSection
EndGlobal
